{
  "nodes": {
    "engram-garden": {
      "inputs": {
        "nixpkgs": [
          "nixpkgs"
        ]
      },
      "locked": {
        "lastModified": 1791593034,
        "narHash": "sha256-yUzjNGoYc0hIvfya+gKEg2GkMxy7ZoiT6Ra6W4Fvw24=",
        "owner": "haileyok",
        "repo": "engram-garden",
        "rev": "e8954f4d83652c13d32ece0a908fb27d4b22aeac",
        "type": "github"
      },
      "original": {
        "owner": "haileyok",
        "repo": "engram-garden",
        "type": "github"
      }
    },
    "nixpkgs": {
      "locked": {
        "lastModified": 1791456040,
        "narHash": "sha256-H83yz/do+hjOO0uujHyH8RgtIQP2v7Mw+cLwcZK/xKc=",
        "owner": "nixos",
        "repo": "nixpkgs",
        "rev": "e7439b6b14ad3cc35d05608ebca9bce01a25f5f8",
        "type": "github"
      },
      "original": {
        "owner": "nixos",
        "ref": "nixos-unstable",
        "repo": "nixpkgs",
        "type": "github"
      }
    },
    "roast": {
      "flake": false,
      "locked": {
        "lastModified": 1790023571,
        "narHash": "sha256-mPMv5KpDps8eYDU6+tnWYuQ+r4+0WOKrPNJRJ7unZtQ=",
        "ref": "refs/heads/main",
        "rev": "fe38df0b9cf13ae70f767b10f27ab5705c8d55cf",
        "revCount": 1,
        "type": "git",
        "url": "ssh://git@github.com/bluesky-social/roast.git"
      },
      "original": {
        "rev": "fe38df0b9cf13ae70f767b10f27ab5705c8d55cf",
        "type": "git",
        "url": "ssh://git@github.com/bluesky-social/roast.git"
      }
    },
    "root": {
      "inputs": {
        "engram-garden": "engram-garden",
        "nixpkgs": "nixpkgs",
        "roast": "roast"
      }
    }
  },
  "root": "root",
  "version": 7
}
