{
  "nodes": {
    "nixpkgs": {
      "locked": {
        "lastModified": 1787900134,
        "narHash": "sha256-VYXO0XZlgj06dxJZRhrD3WoSsvq/c7+/Akyoa22pefw=",
        "owner": "nixos",
        "repo": "nixpkgs",
        "rev": "83199d0d373dd3ac2b9a1996b1d0263f76ab7a4c",
        "type": "github"
      },
      "original": {
        "owner": "nixos",
        "ref": "nixos-unstable",
        "repo": "nixpkgs",
        "type": "github"
      }
    },
    "roast": {
      "flake": false,
      "locked": {
        "lastModified": 1788830981,
        "narHash": "sha256-NDdX9+txMqhwxCS+pSDV0FQk2ZxvuROoRwUF9H1T4PE=",
        "ref": "refs/heads/main",
        "rev": "d0ae8c995808a1243d7f90daffc389674ef029b3",
        "revCount": 153,
        "type": "git",
        "url": "https://github.com/bluesky-social/roast.git"
      },
      "original": {
        "rev": "d0ae8c995808a1243d7f90daffc389674ef029b3",
        "type": "git",
        "url": "https://github.com/bluesky-social/roast.git"
      }
    },
    "root": {
      "inputs": {
        "nixpkgs": "nixpkgs",
        "roast": "roast"
      }
    }
  },
  "root": "root",
  "version": 7
}
