{
  "nodes": {
    "nixpkgs": {
      "locked": {
        "lastModified": 1785967620,
        "narHash": "sha256-IItrdb7Puk05RqOBWZYFC5X6Wl1sJmCfh5MWVHw5iMM=",
        "owner": "nixos",
        "repo": "nixpkgs",
        "rev": "b7c2ada94fe99c15b0dbcf4d11fd7850b957a436",
        "type": "github"
      },
      "original": {
        "owner": "nixos",
        "ref": "nixos-unstable",
        "repo": "nixpkgs",
        "type": "github"
      }
    },
    "roast": {
      "flake": false,
      "locked": {
        "lastModified": 1787282810,
        "narHash": "sha256-q60i9wrHHTazB1Ydt8XBXyV+A815OWpqmv25mYPQGIU=",
        "ref": "refs/tags/v1.0.11",
        "rev": "bff5a277badf86d0e16da42aa6ae3752abea294d",
        "revCount": 151,
        "type": "git",
        "url": "https://github.com/bluesky-social/roast.git"
      },
      "original": {
        "ref": "refs/tags/v1.0.11",
        "type": "git",
        "url": "https://github.com/bluesky-social/roast.git"
      }
    },
    "root": {
      "inputs": {
        "nixpkgs": "nixpkgs",
        "roast": "roast"
      }
    }
  },
  "root": "root",
  "version": 7
}
